// !$*UTF8*$!
{
	archiveVersion = 1;
	classes = {
	};
	objectVersion = 55;
	objects = {

/* Begin PBXBuildFile section */
		EC76D4B52A65D4E100B3A90C /* ImgurAPITests.swift in Sources */ = {isa = PBXBuildFile; fileRef = EC76D4B42A65D4E100B3A90C /* ImgurAPITests.swift */; };
		ECF37D2F2A6213A200B2D13B /* AppDelegate.swift in Sources */ = {isa = PBXBuildFile; fileRef = ECF37D2E2A6213A200B2D13B /* AppDelegate.swift */; };
		ECF37D312A6213A200B2D13B /* SceneDelegate.swift in Sources */ = {isa = PBXBuildFile; fileRef = ECF37D302A6213A200B2D13B /* SceneDelegate.swift */; };
		ECF37D332A6213A200B2D13B /* ViewController.swift in Sources */ = {isa = PBXBuildFile; fileRef = ECF37D322A6213A200B2D13B /* ViewController.swift */; };
		ECF37D362A6213A200B2D13B /* Main.storyboard in Resources */ = {isa = PBXBuildFile; fileRef = ECF37D342A6213A200B2D13B /* Main.storyboard */; };
		ECF37D382A6213A300B2D13B /* Assets.xcassets in Resources */ = {isa = PBXBuildFile; fileRef = ECF37D372A6213A300B2D13B /* Assets.xcassets */; };
		ECF37D3B2A6213A300B2D13B /* LaunchScreen.storyboard in Resources */ = {isa = PBXBuildFile; fileRef = ECF37D392A6213A300B2D13B /* LaunchScreen.storyboard */; };
		ECF37D442A62158500B2D13B /* CatsCollectionViewController.swift in Sources */ = {isa = PBXBuildFile; fileRef = ECF37D432A62158500B2D13B /* CatsCollectionViewController.swift */; };
		ECF37D472A6217C900B2D13B /* CatCell.swift in Sources */ = {isa = PBXBuildFile; fileRef = ECF37D462A6217C900B2D13B /* CatCell.swift */; };
		ECF37D4A2A6218C100B2D13B /* Protocols.swift in Sources */ = {isa = PBXBuildFile; fileRef = ECF37D492A6218C100B2D13B /* Protocols.swift */; };
		ECF37D4C2A62198800B2D13B /* Extensions.swift in Sources */ = {isa = PBXBuildFile; fileRef = ECF37D4B2A62198800B2D13B /* Extensions.swift */; };
		ECF37D4F2A63CE6300B2D13B /* APIAccess.swift in Sources */ = {isa = PBXBuildFile; fileRef = ECF37D4E2A63CE6300B2D13B /* APIAccess.swift */; };
		ECF37D522A63D71500B2D13B /* CatMedias.swift in Sources */ = {isa = PBXBuildFile; fileRef = ECF37D512A63D71500B2D13B /* CatMedias.swift */; };
		ECF37D552A63E08000B2D13B /* CatsCollectionViewModel.swift in Sources */ = {isa = PBXBuildFile; fileRef = ECF37D542A63E08000B2D13B /* CatsCollectionViewModel.swift */; };
		ECF37D582A64975F00B2D13B /* SDWebImage in Frameworks */ = {isa = PBXBuildFile; productRef = ECF37D572A64975F00B2D13B /* SDWebImage */; };
/* End PBXBuildFile section */

/* Begin PBXContainerItemProxy section */
		EC76D4B62A65D4E100B3A90C /* PBXContainerItemProxy */ = {
			isa = PBXContainerItemProxy;
			containerPortal = ECF37D232A6213A200B2D13B /* Project object */;
			proxyType = 1;
			remoteGlobalIDString = ECF37D2A2A6213A200B2D13B;
			remoteInfo = ImgurAPI;
		};
/* End PBXContainerItemProxy section */

/* Begin PBXFileReference section */
		EC76D4B22A65D4E100B3A90C /* ImgurAPITests.xctest */ = {isa = PBXFileReference; explicitFileType = wrapper.cfbundle; includeInIndex = 0; path = ImgurAPITests.xctest; sourceTree = BUILT_PRODUCTS_DIR; };
		EC76D4B42A65D4E100B3A90C /* ImgurAPITests.swift */ = {isa = PBXFileReference; lastKnownFileType = sourcecode.swift; path = ImgurAPITests.swift; sourceTree = "<group>"; };
		ECF37D2B2A6213A200B2D13B /* ImgurAPI.app */ = {isa = PBXFileReference; explicitFileType = wrapper.application; includeInIndex = 0; path = ImgurAPI.app; sourceTree = BUILT_PRODUCTS_DIR; };
		ECF37D2E2A6213A200B2D13B /* AppDelegate.swift */ = {isa = PBXFileReference; lastKnownFileType = sourcecode.swift; path = AppDelegate.swift; sourceTree = "<group>"; };
		ECF37D302A6213A200B2D13B /* SceneDelegate.swift */ = {isa = PBXFileReference; lastKnownFileType = sourcecode.swift; path = SceneDelegate.swift; sourceTree = "<group>"; };
		ECF37D322A6213A200B2D13B /* ViewController.swift */ = {isa = PBXFileReference; lastKnownFileType = sourcecode.swift; path = ViewController.swift; sourceTree = "<group>"; };
		ECF37D352A6213A200B2D13B /* Base */ = {isa = PBXFileReference; lastKnownFileType = file.storyboard; name = Base; path = Base.lproj/Main.storyboard; sourceTree = "<group>"; };
		ECF37D372A6213A300B2D13B /* Assets.xcassets */ = {isa = PBXFileReference; lastKnownFileType = folder.assetcatalog; path = Assets.xcassets; sourceTree = "<group>"; };
		ECF37D3A2A6213A300B2D13B /* Base */ = {isa = PBXFileReference; lastKnownFileType = file.storyboard; name = Base; path = Base.lproj/LaunchScreen.storyboard; sourceTree = "<group>"; };
		ECF37D3C2A6213A300B2D13B /* Info.plist */ = {isa = PBXFileReference; lastKnownFileType = text.plist.xml; path = Info.plist; sourceTree = "<group>"; };
		ECF37D432A62158500B2D13B /* CatsCollectionViewController.swift */ = {isa = PBXFileReference; lastKnownFileType = sourcecode.swift; path = CatsCollectionViewController.swift; sourceTree = "<group>"; };
		ECF37D462A6217C900B2D13B /* CatCell.swift */ = {isa = PBXFileReference; lastKnownFileType = sourcecode.swift; path = CatCell.swift; sourceTree = "<group>"; };
		ECF37D492A6218C100B2D13B /* Protocols.swift */ = {isa = PBXFileReference; fileEncoding = 4; lastKnownFileType = sourcecode.swift; path = Protocols.swift; sourceTree = "<group>"; };
		ECF37D4B2A62198800B2D13B /* Extensions.swift */ = {isa = PBXFileReference; lastKnownFileType = sourcecode.swift; path = Extensions.swift; sourceTree = "<group>"; };
		ECF37D4E2A63CE6300B2D13B /* APIAccess.swift */ = {isa = PBXFileReference; lastKnownFileType = sourcecode.swift; path = APIAccess.swift; sourceTree = "<group>"; };
		ECF37D512A63D71500B2D13B /* CatMedias.swift */ = {isa = PBXFileReference; lastKnownFileType = sourcecode.swift; path = CatMedias.swift; sourceTree = "<group>"; };
		ECF37D542A63E08000B2D13B /* CatsCollectionViewModel.swift */ = {isa = PBXFileReference; lastKnownFileType = sourcecode.swift; path = CatsCollectionViewModel.swift; sourceTree = "<group>"; };
/* End PBXFileReference section */

/* Begin PBXFrameworksBuildPhase section */
		EC76D4AF2A65D4E100B3A90C /* Frameworks */ = {
			isa = PBXFrameworksBuildPhase;
			buildActionMask = 2147483647;
			files = (
			);
			runOnlyForDeploymentPostprocessing = 0;
		};
		ECF37D282A6213A200B2D13B /* Frameworks */ = {
			isa = PBXFrameworksBuildPhase;
			buildActionMask = 2147483647;
			files = (
				ECF37D582A64975F00B2D13B /* SDWebImage in Frameworks */,
			);
			runOnlyForDeploymentPostprocessing = 0;
		};
/* End PBXFrameworksBuildPhase section */

/* Begin PBXGroup section */
		EC76D4B32A65D4E100B3A90C /* ImgurAPITests */ = {
			isa = PBXGroup;
			children = (
				EC76D4B42A65D4E100B3A90C /* ImgurAPITests.swift */,
			);
			path = ImgurAPITests;
			sourceTree = "<group>";
		};
		ECF37D222A6213A200B2D13B = {
			isa = PBXGroup;
			children = (
				ECF37D2D2A6213A200B2D13B /* ImgurAPI */,
				EC76D4B32A65D4E100B3A90C /* ImgurAPITests */,
				ECF37D2C2A6213A200B2D13B /* Products */,
			);
			sourceTree = "<group>";
		};
		ECF37D2C2A6213A200B2D13B /* Products */ = {
			isa = PBXGroup;
			children = (
				ECF37D2B2A6213A200B2D13B /* ImgurAPI.app */,
				EC76D4B22A65D4E100B3A90C /* ImgurAPITests.xctest */,
			);
			name = Products;
			sourceTree = "<group>";
		};
		ECF37D2D2A6213A200B2D13B /* ImgurAPI */ = {
			isa = PBXGroup;
			children = (
				ECF37D4D2A63CE4800B2D13B /* Network */,
				ECF37D502A63D5F000B2D13B /* Models */,
				ECF37D452A62179800B2D13B /* Views */,
				ECF37D532A63E05800B2D13B /* ViewModels */,
				ECF37D422A62155D00B2D13B /* Controllers */,
				ECF37D482A6218B800B2D13B /* Utils */,
				ECF37D2E2A6213A200B2D13B /* AppDelegate.swift */,
				ECF37D302A6213A200B2D13B /* SceneDelegate.swift */,
				ECF37D322A6213A200B2D13B /* ViewController.swift */,
				ECF37D342A6213A200B2D13B /* Main.storyboard */,
				ECF37D372A6213A300B2D13B /* Assets.xcassets */,
				ECF37D392A6213A300B2D13B /* LaunchScreen.storyboard */,
				ECF37D3C2A6213A300B2D13B /* Info.plist */,
			);
			path = ImgurAPI;
			sourceTree = "<group>";
		};
		ECF37D422A62155D00B2D13B /* Controllers */ = {
			isa = PBXGroup;
			children = (
				ECF37D432A62158500B2D13B /* CatsCollectionViewController.swift */,
			);
			path = Controllers;
			sourceTree = "<group>";
		};
		ECF37D452A62179800B2D13B /* Views */ = {
			isa = PBXGroup;
			children = (
				ECF37D462A6217C900B2D13B /* CatCell.swift */,
			);
			path = Views;
			sourceTree = "<group>";
		};
		ECF37D482A6218B800B2D13B /* Utils */ = {
			isa = PBXGroup;
			children = (
				ECF37D492A6218C100B2D13B /* Protocols.swift */,
				ECF37D4B2A62198800B2D13B /* Extensions.swift */,
			);
			path = Utils;
			sourceTree = "<group>";
		};
		ECF37D4D2A63CE4800B2D13B /* Network */ = {
			isa = PBXGroup;
			children = (
				ECF37D4E2A63CE6300B2D13B /* APIAccess.swift */,
			);
			path = Network;
			sourceTree = "<group>";
		};
		ECF37D502A63D5F000B2D13B /* Models */ = {
			isa = PBXGroup;
			children = (
				ECF37D512A63D71500B2D13B /* CatMedias.swift */,
			);
			path = Models;
			sourceTree = "<group>";
		};
		ECF37D532A63E05800B2D13B /* ViewModels */ = {
			isa = PBXGroup;
			children = (
				ECF37D542A63E08000B2D13B /* CatsCollectionViewModel.swift */,
			);
			path = ViewModels;
			sourceTree = "<group>";
		};
/* End PBXGroup section */

/* Begin PBXNativeTarget section */
		EC76D4B12A65D4E100B3A90C /* ImgurAPITests */ = {
			isa = PBXNativeTarget;
			buildConfigurationList = EC76D4BA2A65D4E100B3A90C /* Build configuration list for PBXNativeTarget "ImgurAPITests" */;
			buildPhases = (
				EC76D4AE2A65D4E100B3A90C /* Sources */,
				EC76D4AF2A65D4E100B3A90C /* Frameworks */,
				EC76D4B02A65D4E100B3A90C /* Resources */,
			);
			buildRules = (
			);
			dependencies = (
				EC76D4B72A65D4E100B3A90C /* PBXTargetDependency */,
			);
			name = ImgurAPITests;
			productName = ImgurAPITests;
			productReference = EC76D4B22A65D4E100B3A90C /* ImgurAPITests.xctest */;
			productType = "com.apple.product-type.bundle.unit-test";
		};
		ECF37D2A2A6213A200B2D13B /* ImgurAPI */ = {
			isa = PBXNativeTarget;
			buildConfigurationList = ECF37D3F2A6213A300B2D13B /* Build configuration list for PBXNativeTarget "ImgurAPI" */;
			buildPhases = (
				ECF37D272A6213A200B2D13B /* Sources */,
				ECF37D282A6213A200B2D13B /* Frameworks */,
				ECF37D292A6213A200B2D13B /* Resources */,
			);
			buildRules = (
			);
			dependencies = (
			);
			name = ImgurAPI;
			packageProductDependencies = (
				ECF37D572A64975F00B2D13B /* SDWebImage */,
			);
			productName = ImgurAPI;
			productReference = ECF37D2B2A6213A200B2D13B /* ImgurAPI.app */;
			productType = "com.apple.product-type.application";
		};
/* End PBXNativeTarget section */

/* Begin PBXProject section */
		ECF37D232A6213A200B2D13B /* Project object */ = {
			isa = PBXProject;
			attributes = {
				BuildIndependentTargetsInParallel = 1;
				LastSwiftUpdateCheck = 1300;
				LastUpgradeCheck = 1300;
				TargetAttributes = {
					EC76D4B12A65D4E100B3A90C = {
						CreatedOnToolsVersion = 13.0;
						TestTargetID = ECF37D2A2A6213A200B2D13B;
					};
					ECF37D2A2A6213A200B2D13B = {
						CreatedOnToolsVersion = 13.0;
					};
				};
			};
			buildConfigurationList = ECF37D262A6213A200B2D13B /* Build configuration list for PBXProject "ImgurAPI" */;
			compatibilityVersion = "Xcode 13.0";
			developmentRegion = en;
			hasScannedForEncodings = 0;
			knownRegions = (
				en,
				Base,
			);
			mainGroup = ECF37D222A6213A200B2D13B;
			packageReferences = (
				ECF37D562A64975E00B2D13B /* XCRemoteSwiftPackageReference "SDWebImage" */,
			);
			productRefGroup = ECF37D2C2A6213A200B2D13B /* Products */;
			projectDirPath = "";
			projectRoot = "";
			targets = (
				ECF37D2A2A6213A200B2D13B /* ImgurAPI */,
				EC76D4B12A65D4E100B3A90C /* ImgurAPITests */,
			);
		};
/* End PBXProject section */

/* Begin PBXResourcesBuildPhase section */
		EC76D4B02A65D4E100B3A90C /* Resources */ = {
			isa = PBXResourcesBuildPhase;
			buildActionMask = 2147483647;
			files = (
			);
			runOnlyForDeploymentPostprocessing = 0;
		};
		ECF37D292A6213A200B2D13B /* Resources */ = {
			isa = PBXResourcesBuildPhase;
			buildActionMask = 2147483647;
			files = (
				ECF37D3B2A6213A300B2D13B /* LaunchScreen.storyboard in Resources */,
				ECF37D382A6213A300B2D13B /* Assets.xcassets in Resources */,
				ECF37D362A6213A200B2D13B /* Main.storyboard in Resources */,
			);
			runOnlyForDeploymentPostprocessing = 0;
		};
/* End PBXResourcesBuildPhase section */

/* Begin PBXSourcesBuildPhase section */
		EC76D4AE2A65D4E100B3A90C /* Sources */ = {
			isa = PBXSourcesBuildPhase;
			buildActionMask = 2147483647;
			files = (
				EC76D4B52A65D4E100B3A90C /* ImgurAPITests.swift in Sources */,
			);
			runOnlyForDeploymentPostprocessing = 0;
		};
		ECF37D272A6213A200B2D13B /* Sources */ = {
			isa = PBXSourcesBuildPhase;
			buildActionMask = 2147483647;
			files = (
				ECF37D332A6213A200B2D13B /* ViewController.swift in Sources */,
				ECF37D522A63D71500B2D13B /* CatMedias.swift in Sources */,
				ECF37D2F2A6213A200B2D13B /* AppDelegate.swift in Sources */,
				ECF37D312A6213A200B2D13B /* SceneDelegate.swift in Sources */,
				ECF37D4A2A6218C100B2D13B /* Protocols.swift in Sources */,
				ECF37D472A6217C900B2D13B /* CatCell.swift in Sources */,
				ECF37D442A62158500B2D13B /* CatsCollectionViewController.swift in Sources */,
				ECF37D552A63E08000B2D13B /* CatsCollectionViewModel.swift in Sources */,
				ECF37D4F2A63CE6300B2D13B /* APIAccess.swift in Sources */,
				ECF37D4C2A62198800B2D13B /* Extensions.swift in Sources */,
			);
			runOnlyForDeploymentPostprocessing = 0;
		};
/* End PBXSourcesBuildPhase section */

/* Begin PBXTargetDependency section */
		EC76D4B72A65D4E100B3A90C /* PBXTargetDependency */ = {
			isa = PBXTargetDependency;
			target = ECF37D2A2A6213A200B2D13B /* ImgurAPI */;
			targetProxy = EC76D4B62A65D4E100B3A90C /* PBXContainerItemProxy */;
		};
/* End PBXTargetDependency section */

/* Begin PBXVariantGroup section */
		ECF37D342A6213A200B2D13B /* Main.storyboard */ = {
			isa = PBXVariantGroup;
			children = (
				ECF37D352A6213A200B2D13B /* Base */,
			);
			name = Main.storyboard;
			sourceTree = "<group>";
		};
		ECF37D392A6213A300B2D13B /* LaunchScreen.storyboard */ = {
			isa = PBXVariantGroup;
			children = (
				ECF37D3A2A6213A300B2D13B /* Base */,
			);
			name = LaunchScreen.storyboard;
			sourceTree = "<group>";
		};
/* End PBXVariantGroup section */

/* Begin XCBuildConfiguration section */
		EC76D4B82A65D4E100B3A90C /* Debug */ = {
			isa = XCBuildConfiguration;
			buildSettings = {
				BUNDLE_LOADER = "$(TEST_HOST)";
				CODE_SIGN_STYLE = Automatic;
				CURRENT_PROJECT_VERSION = 1;
				DEVELOPMENT_TEAM = AQ8G69GT7J;
				GENERATE_INFOPLIST_FILE = YES;
				LD_RUNPATH_SEARCH_PATHS = (
					"$(inherited)",
					"@executable_path/Frameworks",
					"@loader_path/Frameworks",
				);
				MARKETING_VERSION = 1.0;
				PRODUCT_BUNDLE_IDENTIFIER = AlexAndre.ImgurAPITests;
				PRODUCT_NAME = "$(TARGET_NAME)";
				SWIFT_EMIT_LOC_STRINGS = NO;
				SWIFT_VERSION = 5.0;
				TARGETED_DEVICE_FAMILY = "1,2";
				TEST_HOST = "$(BUILT_PRODUCTS_DIR)/ImgurAPI.app/ImgurAPI";
			};
			name = Debug;
		};
		EC76D4B92A65D4E100B3A90C /* Release */ = {
			isa = XCBuildConfiguration;
			buildSettings = {
				BUNDLE_LOADER = "$(TEST_HOST)";
				CODE_SIGN_STYLE = Automatic;
				CURRENT_PROJECT_VERSION = 1;
				DEVELOPMENT_TEAM = AQ8G69GT7J;
				GENERATE_INFOPLIST_FILE = YES;
				LD_RUNPATH_SEARCH_PATHS = (
					"$(inherited)",
					"@executable_path/Frameworks",
					"@loader_path/Frameworks",
				);
				MARKETING_VERSION = 1.0;
				PRODUCT_BUNDLE_IDENTIFIER = AlexAndre.ImgurAPITests;
				PRODUCT_NAME = "$(TARGET_NAME)";
				SWIFT_EMIT_LOC_STRINGS = NO;
				SWIFT_VERSION = 5.0;
				TARGETED_DEVICE_FAMILY = "1,2";
				TEST_HOST = "$(BUILT_PRODUCTS_DIR)/ImgurAPI.app/ImgurAPI";
			};
			name = Release;
		};
		ECF37D3D2A6213A300B2D13B /* Debug */ = {
			isa = XCBuildConfiguration;
			buildSettings = {
				ALWAYS_SEARCH_USER_PATHS = NO;
				CLANG_ANALYZER_NONNULL = YES;
				CLANG_ANALYZER_NUMBER_OBJECT_CONVERSION = YES_AGGRESSIVE;
				CLANG_CXX_LANGUAGE_STANDARD = "gnu++17";
				CLANG_CXX_LIBRARY = "libc++";
				CLANG_ENABLE_MODULES = YES;
				CLANG_ENABLE_OBJC_ARC = YES;
				CLANG_ENABLE_OBJC_WEAK = YES;
				CLANG_WARN_BLOCK_CAPTURE_AUTORELEASING = YES;
				CLANG_WARN_BOOL_CONVERSION = YES;
				CLANG_WARN_COMMA = YES;
				CLANG_WARN_CONSTANT_CONVERSION = YES;
				CLANG_WARN_DEPRECATED_OBJC_IMPLEMENTATIONS = YES;
				CLANG_WARN_DIRECT_OBJC_ISA_USAGE = YES_ERROR;
				CLANG_WARN_DOCUMENTATION_COMMENTS = YES;
				CLANG_WARN_EMPTY_BODY = YES;
				CLANG_WARN_ENUM_CONVERSION = YES;
				CLANG_WARN_INFINITE_RECURSION = YES;
				CLANG_WARN_INT_CONVERSION = YES;
				CLANG_WARN_NON_LITERAL_NULL_CONVERSION = YES;
				CLANG_WARN_OBJC_IMPLICIT_RETAIN_SELF = YES;
				CLANG_WARN_OBJC_LITERAL_CONVERSION = YES;
				CLANG_WARN_OBJC_ROOT_CLASS = YES_ERROR;
				CLANG_WARN_QUOTED_INCLUDE_IN_FRAMEWORK_HEADER = YES;
				CLANG_WARN_RANGE_LOOP_ANALYSIS = YES;
				CLANG_WARN_STRICT_PROTOTYPES = YES;
				CLANG_WARN_SUSPICIOUS_MOVE = YES;
				CLANG_WARN_UNGUARDED_AVAILABILITY = YES_AGGRESSIVE;
				CLANG_WARN_UNREACHABLE_CODE = YES;
				CLANG_WARN__DUPLICATE_METHOD_MATCH = YES;
				COPY_PHASE_STRIP = NO;
				DEBUG_INFORMATION_FORMAT = dwarf;
				ENABLE_STRICT_OBJC_MSGSEND = YES;
				ENABLE_TESTABILITY = YES;
				GCC_C_LANGUAGE_STANDARD = gnu11;
				GCC_DYNAMIC_NO_PIC = NO;
				GCC_NO_COMMON_BLOCKS = YES;
				GCC_OPTIMIZATION_LEVEL = 0;
				GCC_PREPROCESSOR_DEFINITIONS = (
					"DEBUG=1",
					"$(inherited)",
				);
				GCC_WARN_64_TO_32_BIT_CONVERSION = YES;
				GCC_WARN_ABOUT_RETURN_TYPE = YES_ERROR;
				GCC_WARN_UNDECLARED_SELECTOR = YES;
				GCC_WARN_UNINITIALIZED_AUTOS = YES_AGGRESSIVE;
				GCC_WARN_UNUSED_FUNCTION = YES;
				GCC_WARN_UNUSED_VARIABLE = YES;
				IPHONEOS_DEPLOYMENT_TARGET = 15.0;
				MTL_ENABLE_DEBUG_INFO = INCLUDE_SOURCE;
				MTL_FAST_MATH = YES;
				ONLY_ACTIVE_ARCH = YES;
				SDKROOT = iphoneos;
				SWIFT_ACTIVE_COMPILATION_CONDITIONS = DEBUG;
				SWIFT_OPTIMIZATION_LEVEL = "-Onone";
			};
			name = Debug;
		};
		ECF37D3E2A6213A300B2D13B /* Release */ = {
			isa = XCBuildConfiguration;
			buildSettings = {
				ALWAYS_SEARCH_USER_PATHS = NO;
				CLANG_ANALYZER_NONNULL = YES;
				CLANG_ANALYZER_NUMBER_OBJECT_CONVERSION = YES_AGGRESSIVE;
				CLANG_CXX_LANGUAGE_STANDARD = "gnu++17";
				CLANG_CXX_LIBRARY = "libc++";
				CLANG_ENABLE_MODULES = YES;
				CLANG_ENABLE_OBJC_ARC = YES;
				CLANG_ENABLE_OBJC_WEAK = YES;
				CLANG_WARN_BLOCK_CAPTURE_AUTORELEASING = YES;
				CLANG_WARN_BOOL_CONVERSION = YES;
				CLANG_WARN_COMMA = YES;
				CLANG_WARN_CONSTANT_CONVERSION = YES;
				CLANG_WARN_DEPRECATED_OBJC_IMPLEMENTATIONS = YES;
				CLANG_WARN_DIRECT_OBJC_ISA_USAGE = YES_ERROR;
				CLANG_WARN_DOCUMENTATION_COMMENTS = YES;
				CLANG_WARN_EMPTY_BODY = YES;
				CLANG_WARN_ENUM_CONVERSION = YES;
				CLANG_WARN_INFINITE_RECURSION = YES;
				CLANG_WARN_INT_CONVERSION = YES;
				CLANG_WARN_NON_LITERAL_NULL_CONVERSION = YES;
				CLANG_WARN_OBJC_IMPLICIT_RETAIN_SELF = YES;
				CLANG_WARN_OBJC_LITERAL_CONVERSION = YES;
				CLANG_WARN_OBJC_ROOT_CLASS = YES_ERROR;
				CLANG_WARN_QUOTED_INCLUDE_IN_FRAMEWORK_HEADER = YES;
				CLANG_WARN_RANGE_LOOP_ANALYSIS = YES;
				CLANG_WARN_STRICT_PROTOTYPES = YES;
				CLANG_WARN_SUSPICIOUS_MOVE = YES;
				CLANG_WARN_UNGUARDED_AVAILABILITY = YES_AGGRESSIVE;
				CLANG_WARN_UNREACHABLE_CODE = YES;
				CLANG_WARN__DUPLICATE_METHOD_MATCH = YES;
				COPY_PHASE_STRIP = NO;
				DEBUG_INFORMATION_FORMAT = "dwarf-with-dsym";
				ENABLE_NS_ASSERTIONS = NO;
				ENABLE_STRICT_OBJC_MSGSEND = YES;
				GCC_C_LANGUAGE_STANDARD = gnu11;
				GCC_NO_COMMON_BLOCKS = YES;
				GCC_WARN_64_TO_32_BIT_CONVERSION = YES;
				GCC_WARN_ABOUT_RETURN_TYPE = YES_ERROR;
				GCC_WARN_UNDECLARED_SELECTOR = YES;
				GCC_WARN_UNINITIALIZED_AUTOS = YES_AGGRESSIVE;
				GCC_WARN_UNUSED_FUNCTION = YES;
				GCC_WARN_UNUSED_VARIABLE = YES;
				IPHONEOS_DEPLOYMENT_TARGET = 15.0;
				MTL_ENABLE_DEBUG_INFO = NO;
				MTL_FAST_MATH = YES;
				SDKROOT = iphoneos;
				SWIFT_COMPILATION_MODE = wholemodule;
				SWIFT_OPTIMIZATION_LEVEL = "-O";
				VALIDATE_PRODUCT = YES;
			};
			name = Release;
		};
		ECF37D402A6213A300B2D13B /* Debug */ = {
			isa = XCBuildConfiguration;
			buildSettings = {
				ASSETCATALOG_COMPILER_APPICON_NAME = AppIcon;
				ASSETCATALOG_COMPILER_GLOBAL_ACCENT_COLOR_NAME = AccentColor;
				CODE_SIGN_STYLE = Automatic;
				CURRENT_PROJECT_VERSION = 1;
				DEVELOPMENT_TEAM = AQ8G69GT7J;
				GENERATE_INFOPLIST_FILE = YES;
				INFOPLIST_FILE = ImgurAPI/Info.plist;
				INFOPLIST_KEY_UIApplicationSupportsIndirectInputEvents = YES;
				INFOPLIST_KEY_UILaunchStoryboardName = LaunchScreen;
				INFOPLIST_KEY_UIMainStoryboardFile = Main;
				INFOPLIST_KEY_UISupportedInterfaceOrientations_iPad = "UIInterfaceOrientationPortrait UIInterfaceOrientationPortraitUpsideDown UIInterfaceOrientationLandscapeLeft UIInterfaceOrientationLandscapeRight";
				INFOPLIST_KEY_UISupportedInterfaceOrientations_iPhone = "UIInterfaceOrientationPortrait UIInterfaceOrientationLandscapeLeft UIInterfaceOrientationLandscapeRight";
				LD_RUNPATH_SEARCH_PATHS = (
					"$(inherited)",
					"@executable_path/Frameworks",
				);
				MARKETING_VERSION = 1.0;
				PRODUCT_BUNDLE_IDENTIFIER = AlexAndre.ImgurAPI;
				PRODUCT_NAME = "$(TARGET_NAME)";
				SWIFT_EMIT_LOC_STRINGS = YES;
				SWIFT_VERSION = 5.0;
				TARGETED_DEVICE_FAMILY = "1,2";
			};
			name = Debug;
		};
		ECF37D412A6213A300B2D13B /* Release */ = {
			isa = XCBuildConfiguration;
			buildSettings = {
				ASSETCATALOG_COMPILER_APPICON_NAME = AppIcon;
				ASSETCATALOG_COMPILER_GLOBAL_ACCENT_COLOR_NAME = AccentColor;
				CODE_SIGN_STYLE = Automatic;
				CURRENT_PROJECT_VERSION = 1;
				DEVELOPMENT_TEAM = AQ8G69GT7J;
				GENERATE_INFOPLIST_FILE = YES;
				INFOPLIST_FILE = ImgurAPI/Info.plist;
				INFOPLIST_KEY_UIApplicationSupportsIndirectInputEvents = YES;
				INFOPLIST_KEY_UILaunchStoryboardName = LaunchScreen;
				INFOPLIST_KEY_UIMainStoryboardFile = Main;
				INFOPLIST_KEY_UISupportedInterfaceOrientations_iPad = "UIInterfaceOrientationPortrait UIInterfaceOrientationPortraitUpsideDown UIInterfaceOrientationLandscapeLeft UIInterfaceOrientationLandscapeRight";
				INFOPLIST_KEY_UISupportedInterfaceOrientations_iPhone = "UIInterfaceOrientationPortrait UIInterfaceOrientationLandscapeLeft UIInterfaceOrientationLandscapeRight";
				LD_RUNPATH_SEARCH_PATHS = (
					"$(inherited)",
					"@executable_path/Frameworks",
				);
				MARKETING_VERSION = 1.0;
				PRODUCT_BUNDLE_IDENTIFIER = AlexAndre.ImgurAPI;
				PRODUCT_NAME = "$(TARGET_NAME)";
				SWIFT_EMIT_LOC_STRINGS = YES;
				SWIFT_VERSION = 5.0;
				TARGETED_DEVICE_FAMILY = "1,2";
			};
			name = Release;
		};
/* End XCBuildConfiguration section */

/* Begin XCConfigurationList section */
		EC76D4BA2A65D4E100B3A90C /* Build configuration list for PBXNativeTarget "ImgurAPITests" */ = {
			isa = XCConfigurationList;
			buildConfigurations = (
				EC76D4B82A65D4E100B3A90C /* Debug */,
				EC76D4B92A65D4E100B3A90C /* Release */,
			);
			defaultConfigurationIsVisible = 0;
			defaultConfigurationName = Release;
		};
		ECF37D262A6213A200B2D13B /* Build configuration list for PBXProject "ImgurAPI" */ = {
			isa = XCConfigurationList;
			buildConfigurations = (
				ECF37D3D2A6213A300B2D13B /* Debug */,
				ECF37D3E2A6213A300B2D13B /* Release */,
			);
			defaultConfigurationIsVisible = 0;
			defaultConfigurationName = Release;
		};
		ECF37D3F2A6213A300B2D13B /* Build configuration list for PBXNativeTarget "ImgurAPI" */ = {
			isa = XCConfigurationList;
			buildConfigurations = (
				ECF37D402A6213A300B2D13B /* Debug */,
				ECF37D412A6213A300B2D13B /* Release */,
			);
			defaultConfigurationIsVisible = 0;
			defaultConfigurationName = Release;
		};
/* End XCConfigurationList section */

/* Begin XCRemoteSwiftPackageReference section */
		ECF37D562A64975E00B2D13B /* XCRemoteSwiftPackageReference "SDWebImage" */ = {
			isa = XCRemoteSwiftPackageReference;
			repositoryURL = "https://github.com/SDWebImage/SDWebImage.git";
			requirement = {
				kind = upToNextMajorVersion;
				minimumVersion = 5.0.0;
			};
		};
/* End XCRemoteSwiftPackageReference section */

/* Begin XCSwiftPackageProductDependency section */
		ECF37D572A64975F00B2D13B /* SDWebImage */ = {
			isa = XCSwiftPackageProductDependency;
			package = ECF37D562A64975E00B2D13B /* XCRemoteSwiftPackageReference "SDWebImage" */;
			productName = SDWebImage;
		};
/* End XCSwiftPackageProductDependency section */
	};
	rootObject = ECF37D232A6213A200B2D13B /* Project object */;
}
